
Microsoft Visual Studio Solution File, Format Version 12.00
# Visual Studio Version 16
VisualStudioVersion = 16.0.30804.86
MinimumVisualStudioVersion = 10.0.40219.1
Project("{FAE04EC0-301F-11D3-BF4B-00C04F79EFBC}") = "Ej_5", "Ej_5\Ej_5.csproj", "{7A0BDF2F-7249-40EF-9047-DC795621DE67}"
EndProject
Global
	GlobalSection(SolutionConfigurationPlatforms) = preSolution
		Debug|Any CPU = Debug|Any CPU
		Release|Any CPU = Release|Any CPU
	EndGlobalSection
	GlobalSection(ProjectConfigurationPlatforms) = postSolution
		{7A0BDF2F-7249-40EF-9047-DC795621DE67}.Debug|Any CPU.ActiveCfg = Debug|Any CPU
		{7A0BDF2F-7249-40EF-9047-DC795621DE67}.Debug|Any CPU.Build.0 = Debug|Any CPU
		{7A0BDF2F-7249-40EF-9047-DC795621DE67}.Release|Any CPU.ActiveCfg = Release|Any CPU
		{7A0BDF2F-7249-40EF-9047-DC795621DE67}.Release|Any CPU.Build.0 = Release|Any CPU
	EndGlobalSection
	GlobalSection(SolutionProperties) = preSolution
		HideSolutionNode = FALSE
	EndGlobalSection
	GlobalSection(ExtensibilityGlobals) = postSolution
		SolutionGuid = {AFFEAF55-8761-4902-9379-61EFA2E69247}
	EndGlobalSection
EndGlobal
